// !$*UTF8*$!
{
	archiveVersion = 1;
	classes = {
	};
	objectVersion = 55;
	objects = {

/* Begin PBXBuildFile section */
		503542C1A7E96F0EFEBF7EA3 /* Pods_DropDownTest.framework in Frameworks */ = {isa = PBXBuildFile; fileRef = 2877CB71BF08723C5CD208BA /* Pods_DropDownTest.framework */; };
		CC4860F227CEE47600120A3C /* AppDelegate.swift in Sources */ = {isa = PBXBuildFile; fileRef = CC4860F127CEE47600120A3C /* AppDelegate.swift */; };
		CC4860F427CEE47600120A3C /* SceneDelegate.swift in Sources */ = {isa = PBXBuildFile; fileRef = CC4860F327CEE47600120A3C /* SceneDelegate.swift */; };
		CC4860F627CEE47600120A3C /* iOSDropDownViewController.swift in Sources */ = {isa = PBXBuildFile; fileRef = CC4860F527CEE47600120A3C /* iOSDropDownViewController.swift */; };
		CC4860F927CEE47600120A3C /* Main.storyboard in Resources */ = {isa = PBXBuildFile; fileRef = CC4860F727CEE47600120A3C /* Main.storyboard */; };
		CC4860FB27CEE47800120A3C /* Assets.xcassets in Resources */ = {isa = PBXBuildFile; fileRef = CC4860FA27CEE47800120A3C /* Assets.xcassets */; };
		CC4860FE27CEE47800120A3C /* LaunchScreen.storyboard in Resources */ = {isa = PBXBuildFile; fileRef = CC4860FC27CEE47800120A3C /* LaunchScreen.storyboard */; };
/* End PBXBuildFile section */

/* Begin PBXFileReference section */
		2877CB71BF08723C5CD208BA /* Pods_DropDownTest.framework */ = {isa = PBXFileReference; explicitFileType = wrapper.framework; includeInIndex = 0; path = Pods_DropDownTest.framework; sourceTree = BUILT_PRODUCTS_DIR; };
		6B7EC436646CC8B03902253D /* Pods-DropDownTest.debug.xcconfig */ = {isa = PBXFileReference; includeInIndex = 1; lastKnownFileType = text.xcconfig; name = "Pods-DropDownTest.debug.xcconfig"; path = "Target Support Files/Pods-DropDownTest/Pods-DropDownTest.debug.xcconfig"; sourceTree = "<group>"; };
		CC4860EE27CEE47600120A3C /* DropDownTest.app */ = {isa = PBXFileReference; explicitFileType = wrapper.application; includeInIndex = 0; path = DropDownTest.app; sourceTree = BUILT_PRODUCTS_DIR; };
		CC4860F127CEE47600120A3C /* AppDelegate.swift */ = {isa = PBXFileReference; lastKnownFileType = sourcecode.swift; path = AppDelegate.swift; sourceTree = "<group>"; };
		CC4860F327CEE47600120A3C /* SceneDelegate.swift */ = {isa = PBXFileReference; lastKnownFileType = sourcecode.swift; path = SceneDelegate.swift; sourceTree = "<group>"; };
		CC4860F527CEE47600120A3C /* iOSDropDownViewController.swift */ = {isa = PBXFileReference; lastKnownFileType = sourcecode.swift; path = iOSDropDownViewController.swift; sourceTree = "<group>"; };
		CC4860F827CEE47600120A3C /* Base */ = {isa = PBXFileReference; lastKnownFileType = file.storyboard; name = Base; path = Base.lproj/Main.storyboard; sourceTree = "<group>"; };
		CC4860FA27CEE47800120A3C /* Assets.xcassets */ = {isa = PBXFileReference; lastKnownFileType = folder.assetcatalog; path = Assets.xcassets; sourceTree = "<group>"; };
		CC4860FD27CEE47800120A3C /* Base */ = {isa = PBXFileReference; lastKnownFileType = file.storyboard; name = Base; path = Base.lproj/LaunchScreen.storyboard; sourceTree = "<group>"; };
		CC4860FF27CEE47800120A3C /* Info.plist */ = {isa = PBXFileReference; lastKnownFileType = text.plist.xml; path = Info.plist; sourceTree = "<group>"; };
		E1E3378C5902C96CBF7198BC /* Pods-DropDownTest.release.xcconfig */ = {isa = PBXFileReference; includeInIndex = 1; lastKnownFileType = text.xcconfig; name = "Pods-DropDownTest.release.xcconfig"; path = "Target Support Files/Pods-DropDownTest/Pods-DropDownTest.release.xcconfig"; sourceTree = "<group>"; };
/* End PBXFileReference section */

/* Begin PBXFrameworksBuildPhase section */
		CC4860EB27CEE47600120A3C /* Frameworks */ = {
			isa = PBXFrameworksBuildPhase;
			buildActionMask = 2147483647;
			files = (
				503542C1A7E96F0EFEBF7EA3 /* Pods_DropDownTest.framework in Frameworks */,
			);
			runOnlyForDeploymentPostprocessing = 0;
		};
/* End PBXFrameworksBuildPhase section */

/* Begin PBXGroup section */
		1676F066C6F14E5682161CC1 /* Pods */ = {
			isa = PBXGroup;
			children = (
				6B7EC436646CC8B03902253D /* Pods-DropDownTest.debug.xcconfig */,
				E1E3378C5902C96CBF7198BC /* Pods-DropDownTest.release.xcconfig */,
			);
			path = Pods;
			sourceTree = "<group>";
		};
		ACED0DD53BCA149A8F0FA69F /* Frameworks */ = {
			isa = PBXGroup;
			children = (
				2877CB71BF08723C5CD208BA /* Pods_DropDownTest.framework */,
			);
			name = Frameworks;
			sourceTree = "<group>";
		};
		CC4860E527CEE47500120A3C = {
			isa = PBXGroup;
			children = (
				CC4860F027CEE47600120A3C /* DropDownTest */,
				CC4860EF27CEE47600120A3C /* Products */,
				1676F066C6F14E5682161CC1 /* Pods */,
				ACED0DD53BCA149A8F0FA69F /* Frameworks */,
			);
			sourceTree = "<group>";
		};
		CC4860EF27CEE47600120A3C /* Products */ = {
			isa = PBXGroup;
			children = (
				CC4860EE27CEE47600120A3C /* DropDownTest.app */,
			);
			name = Products;
			sourceTree = "<group>";
		};
		CC4860F027CEE47600120A3C /* DropDownTest */ = {
			isa = PBXGroup;
			children = (
				CC4860F127CEE47600120A3C /* AppDelegate.swift */,
				CC4860F327CEE47600120A3C /* SceneDelegate.swift */,
				CC4860F527CEE47600120A3C /* iOSDropDownViewController.swift */,
				CC4860F727CEE47600120A3C /* Main.storyboard */,
				CC4860FA27CEE47800120A3C /* Assets.xcassets */,
				CC4860FC27CEE47800120A3C /* LaunchScreen.storyboard */,
				CC4860FF27CEE47800120A3C /* Info.plist */,
			);
			path = DropDownTest;
			sourceTree = "<group>";
		};
/* End PBXGroup section */

/* Begin PBXNativeTarget section */
		CC4860ED27CEE47600120A3C /* DropDownTest */ = {
			isa = PBXNativeTarget;
			buildConfigurationList = CC48610227CEE47800120A3C /* Build configuration list for PBXNativeTarget "DropDownTest" */;
			buildPhases = (
				62BB36B9802B6592BB46CB06 /* [CP] Check Pods Manifest.lock */,
				CC4860EA27CEE47600120A3C /* Sources */,
				CC4860EB27CEE47600120A3C /* Frameworks */,
				CC4860EC27CEE47600120A3C /* Resources */,
				CB7B9E8B101E3A07B7269C47 /* [CP] Embed Pods Frameworks */,
			);
			buildRules = (
			);
			dependencies = (
			);
			name = DropDownTest;
			productName = DropDownTest;
			productReference = CC4860EE27CEE47600120A3C /* DropDownTest.app */;
			productType = "com.apple.product-type.application";
		};
/* End PBXNativeTarget section */

/* Begin PBXProject section */
		CC4860E627CEE47500120A3C /* Project object */ = {
			isa = PBXProject;
			attributes = {
				BuildIndependentTargetsInParallel = 1;
				LastSwiftUpdateCheck = 1320;
				LastUpgradeCheck = 1320;
				TargetAttributes = {
					CC4860ED27CEE47600120A3C = {
						CreatedOnToolsVersion = 13.2.1;
					};
				};
			};
			buildConfigurationList = CC4860E927CEE47500120A3C /* Build configuration list for PBXProject "DropDownTest" */;
			compatibilityVersion = "Xcode 13.0";
			developmentRegion = en;
			hasScannedForEncodings = 0;
			knownRegions = (
				en,
				Base,
			);
			mainGroup = CC4860E527CEE47500120A3C;
			productRefGroup = CC4860EF27CEE47600120A3C /* Products */;
			projectDirPath = "";
			projectRoot = "";
			targets = (
				CC4860ED27CEE47600120A3C /* DropDownTest */,
			);
		};
/* End PBXProject section */

/* Begin PBXResourcesBuildPhase section */
		CC4860EC27CEE47600120A3C /* Resources */ = {
			isa = PBXResourcesBuildPhase;
			buildActionMask = 2147483647;
			files = (
				CC4860FE27CEE47800120A3C /* LaunchScreen.storyboard in Resources */,
				CC4860FB27CEE47800120A3C /* Assets.xcassets in Resources */,
				CC4860F927CEE47600120A3C /* Main.storyboard in Resources */,
			);
			runOnlyForDeploymentPostprocessing = 0;
		};
/* End PBXResourcesBuildPhase section */

/* Begin PBXShellScriptBuildPhase section */
		62BB36B9802B6592BB46CB06 /* [CP] Check Pods Manifest.lock */ = {
			isa = PBXShellScriptBuildPhase;
			buildActionMask = 2147483647;
			files = (
			);
			inputFileListPaths = (
			);
			inputPaths = (
				"${PODS_PODFILE_DIR_PATH}/Podfile.lock",
				"${PODS_ROOT}/Manifest.lock",
			);
			name = "[CP] Check Pods Manifest.lock";
			outputFileListPaths = (
			);
			outputPaths = (
				"$(DERIVED_FILE_DIR)/Pods-DropDownTest-checkManifestLockResult.txt",
			);
			runOnlyForDeploymentPostprocessing = 0;
			shellPath = /bin/sh;
			shellScript = "diff \"${PODS_PODFILE_DIR_PATH}/Podfile.lock\" \"${PODS_ROOT}/Manifest.lock\" > /dev/null\nif [ $? != 0 ] ; then\n    # print error to STDERR\n    echo \"error: The sandbox is not in sync with the Podfile.lock. Run 'pod install' or update your CocoaPods installation.\" >&2\n    exit 1\nfi\n# This output is used by Xcode 'outputs' to avoid re-running this script phase.\necho \"SUCCESS\" > \"${SCRIPT_OUTPUT_FILE_0}\"\n";
			showEnvVarsInLog = 0;
		};
		CB7B9E8B101E3A07B7269C47 /* [CP] Embed Pods Frameworks */ = {
			isa = PBXShellScriptBuildPhase;
			buildActionMask = 2147483647;
			files = (
			);
			inputFileListPaths = (
				"${PODS_ROOT}/Target Support Files/Pods-DropDownTest/Pods-DropDownTest-frameworks-${CONFIGURATION}-input-files.xcfilelist",
			);
			name = "[CP] Embed Pods Frameworks";
			outputFileListPaths = (
				"${PODS_ROOT}/Target Support Files/Pods-DropDownTest/Pods-DropDownTest-frameworks-${CONFIGURATION}-output-files.xcfilelist",
			);
			runOnlyForDeploymentPostprocessing = 0;
			shellPath = /bin/sh;
			shellScript = "\"${PODS_ROOT}/Target Support Files/Pods-DropDownTest/Pods-DropDownTest-frameworks.sh\"\n";
			showEnvVarsInLog = 0;
		};
/* End PBXShellScriptBuildPhase section */

/* Begin PBXSourcesBuildPhase section */
		CC4860EA27CEE47600120A3C /* Sources */ = {
			isa = PBXSourcesBuildPhase;
			buildActionMask = 2147483647;
			files = (
				CC4860F627CEE47600120A3C /* iOSDropDownViewController.swift in Sources */,
				CC4860F227CEE47600120A3C /* AppDelegate.swift in Sources */,
				CC4860F427CEE47600120A3C /* SceneDelegate.swift in Sources */,
			);
			runOnlyForDeploymentPostprocessing = 0;
		};
/* End PBXSourcesBuildPhase section */

/* Begin PBXVariantGroup section */
		CC4860F727CEE47600120A3C /* Main.storyboard */ = {
			isa = PBXVariantGroup;
			children = (
				CC4860F827CEE47600120A3C /* Base */,
			);
			name = Main.storyboard;
			sourceTree = "<group>";
		};
		CC4860FC27CEE47800120A3C /* LaunchScreen.storyboard */ = {
			isa = PBXVariantGroup;
			children = (
				CC4860FD27CEE47800120A3C /* Base */,
			);
			name = LaunchScreen.storyboard;
			sourceTree = "<group>";
		};
/* End PBXVariantGroup section */

/* Begin XCBuildConfiguration section */
		CC48610027CEE47800120A3C /* Debug */ = {
			isa = XCBuildConfiguration;
			buildSettings = {
				ALWAYS_SEARCH_USER_PATHS = NO;
				CLANG_ANALYZER_NONNULL = YES;
				CLANG_ANALYZER_NUMBER_OBJECT_CONVERSION = YES_AGGRESSIVE;
				CLANG_CXX_LANGUAGE_STANDARD = "gnu++17";
				CLANG_CXX_LIBRARY = "libc++";
				CLANG_ENABLE_MODULES = YES;
				CLANG_ENABLE_OBJC_ARC = YES;
				CLANG_ENABLE_OBJC_WEAK = YES;
				CLANG_WARN_BLOCK_CAPTURE_AUTORELEASING = YES;
				CLANG_WARN_BOOL_CONVERSION = YES;
				CLANG_WARN_COMMA = YES;
				CLANG_WARN_CONSTANT_CONVERSION = YES;
				CLANG_WARN_DEPRECATED_OBJC_IMPLEMENTATIONS = YES;
				CLANG_WARN_DIRECT_OBJC_ISA_USAGE = YES_ERROR;
				CLANG_WARN_DOCUMENTATION_COMMENTS = YES;
				CLANG_WARN_EMPTY_BODY = YES;
				CLANG_WARN_ENUM_CONVERSION = YES;
				CLANG_WARN_INFINITE_RECURSION = YES;
				CLANG_WARN_INT_CONVERSION = YES;
				CLANG_WARN_NON_LITERAL_NULL_CONVERSION = YES;
				CLANG_WARN_OBJC_IMPLICIT_RETAIN_SELF = YES;
				CLANG_WARN_OBJC_LITERAL_CONVERSION = YES;
				CLANG_WARN_OBJC_ROOT_CLASS = YES_ERROR;
				CLANG_WARN_QUOTED_INCLUDE_IN_FRAMEWORK_HEADER = YES;
				CLANG_WARN_RANGE_LOOP_ANALYSIS = YES;
				CLANG_WARN_STRICT_PROTOTYPES = YES;
				CLANG_WARN_SUSPICIOUS_MOVE = YES;
				CLANG_WARN_UNGUARDED_AVAILABILITY = YES_AGGRESSIVE;
				CLANG_WARN_UNREACHABLE_CODE = YES;
				CLANG_WARN__DUPLICATE_METHOD_MATCH = YES;
				COPY_PHASE_STRIP = NO;
				DEBUG_INFORMATION_FORMAT = dwarf;
				ENABLE_STRICT_OBJC_MSGSEND = YES;
				ENABLE_TESTABILITY = YES;
				GCC_C_LANGUAGE_STANDARD = gnu11;
				GCC_DYNAMIC_NO_PIC = NO;
				GCC_NO_COMMON_BLOCKS = YES;
				GCC_OPTIMIZATION_LEVEL = 0;
				GCC_PREPROCESSOR_DEFINITIONS = (
					"DEBUG=1",
					"$(inherited)",
				);
				GCC_WARN_64_TO_32_BIT_CONVERSION = YES;
				GCC_WARN_ABOUT_RETURN_TYPE = YES_ERROR;
				GCC_WARN_UNDECLARED_SELECTOR = YES;
				GCC_WARN_UNINITIALIZED_AUTOS = YES_AGGRESSIVE;
				GCC_WARN_UNUSED_FUNCTION = YES;
				GCC_WARN_UNUSED_VARIABLE = YES;
				IPHONEOS_DEPLOYMENT_TARGET = 15.2;
				MTL_ENABLE_DEBUG_INFO = INCLUDE_SOURCE;
				MTL_FAST_MATH = YES;
				ONLY_ACTIVE_ARCH = YES;
				SDKROOT = iphoneos;
				SWIFT_ACTIVE_COMPILATION_CONDITIONS = DEBUG;
				SWIFT_OPTIMIZATION_LEVEL = "-Onone";
			};
			name = Debug;
		};
		CC48610127CEE47800120A3C /* Release */ = {
			isa = XCBuildConfiguration;
			buildSettings = {
				ALWAYS_SEARCH_USER_PATHS = NO;
				CLANG_ANALYZER_NONNULL = YES;
				CLANG_ANALYZER_NUMBER_OBJECT_CONVERSION = YES_AGGRESSIVE;
				CLANG_CXX_LANGUAGE_STANDARD = "gnu++17";
				CLANG_CXX_LIBRARY = "libc++";
				CLANG_ENABLE_MODULES = YES;
				CLANG_ENABLE_OBJC_ARC = YES;
				CLANG_ENABLE_OBJC_WEAK = YES;
				CLANG_WARN_BLOCK_CAPTURE_AUTORELEASING = YES;
				CLANG_WARN_BOOL_CONVERSION = YES;
				CLANG_WARN_COMMA = YES;
				CLANG_WARN_CONSTANT_CONVERSION = YES;
				CLANG_WARN_DEPRECATED_OBJC_IMPLEMENTATIONS = YES;
				CLANG_WARN_DIRECT_OBJC_ISA_USAGE = YES_ERROR;
				CLANG_WARN_DOCUMENTATION_COMMENTS = YES;
				CLANG_WARN_EMPTY_BODY = YES;
				CLANG_WARN_ENUM_CONVERSION = YES;
				CLANG_WARN_INFINITE_RECURSION = YES;
				CLANG_WARN_INT_CONVERSION = YES;
				CLANG_WARN_NON_LITERAL_NULL_CONVERSION = YES;
				CLANG_WARN_OBJC_IMPLICIT_RETAIN_SELF = YES;
				CLANG_WARN_OBJC_LITERAL_CONVERSION = YES;
				CLANG_WARN_OBJC_ROOT_CLASS = YES_ERROR;
				CLANG_WARN_QUOTED_INCLUDE_IN_FRAMEWORK_HEADER = YES;
				CLANG_WARN_RANGE_LOOP_ANALYSIS = YES;
				CLANG_WARN_STRICT_PROTOTYPES = YES;
				CLANG_WARN_SUSPICIOUS_MOVE = YES;
				CLANG_WARN_UNGUARDED_AVAILABILITY = YES_AGGRESSIVE;
				CLANG_WARN_UNREACHABLE_CODE = YES;
				CLANG_WARN__DUPLICATE_METHOD_MATCH = YES;
				COPY_PHASE_STRIP = NO;
				DEBUG_INFORMATION_FORMAT = "dwarf-with-dsym";
				ENABLE_NS_ASSERTIONS = NO;
				ENABLE_STRICT_OBJC_MSGSEND = YES;
				GCC_C_LANGUAGE_STANDARD = gnu11;
				GCC_NO_COMMON_BLOCKS = YES;
				GCC_WARN_64_TO_32_BIT_CONVERSION = YES;
				GCC_WARN_ABOUT_RETURN_TYPE = YES_ERROR;
				GCC_WARN_UNDECLARED_SELECTOR = YES;
				GCC_WARN_UNINITIALIZED_AUTOS = YES_AGGRESSIVE;
				GCC_WARN_UNUSED_FUNCTION = YES;
				GCC_WARN_UNUSED_VARIABLE = YES;
				IPHONEOS_DEPLOYMENT_TARGET = 15.2;
				MTL_ENABLE_DEBUG_INFO = NO;
				MTL_FAST_MATH = YES;
				SDKROOT = iphoneos;
				SWIFT_COMPILATION_MODE = wholemodule;
				SWIFT_OPTIMIZATION_LEVEL = "-O";
				VALIDATE_PRODUCT = YES;
			};
			name = Release;
		};
		CC48610327CEE47800120A3C /* Debug */ = {
			isa = XCBuildConfiguration;
			baseConfigurationReference = 6B7EC436646CC8B03902253D /* Pods-DropDownTest.debug.xcconfig */;
			buildSettings = {
				ASSETCATALOG_COMPILER_APPICON_NAME = AppIcon;
				ASSETCATALOG_COMPILER_GLOBAL_ACCENT_COLOR_NAME = AccentColor;
				CODE_SIGN_STYLE = Automatic;
				CURRENT_PROJECT_VERSION = 1;
				DEVELOPMENT_TEAM = L73M8R7276;
				GENERATE_INFOPLIST_FILE = YES;
				INFOPLIST_FILE = DropDownTest/Info.plist;
				INFOPLIST_KEY_UIApplicationSupportsIndirectInputEvents = YES;
				INFOPLIST_KEY_UILaunchStoryboardName = LaunchScreen;
				INFOPLIST_KEY_UIMainStoryboardFile = Main;
				INFOPLIST_KEY_UISupportedInterfaceOrientations_iPad = "UIInterfaceOrientationPortrait UIInterfaceOrientationPortraitUpsideDown UIInterfaceOrientationLandscapeLeft UIInterfaceOrientationLandscapeRight";
				INFOPLIST_KEY_UISupportedInterfaceOrientations_iPhone = "UIInterfaceOrientationPortrait UIInterfaceOrientationLandscapeLeft UIInterfaceOrientationLandscapeRight";
				LD_RUNPATH_SEARCH_PATHS = (
					"$(inherited)",
					"@executable_path/Frameworks",
				);
				MARKETING_VERSION = 1.0;
				PRODUCT_BUNDLE_IDENTIFIER = com.leemccormick.DropDownTest;
				PRODUCT_NAME = "$(TARGET_NAME)";
				SWIFT_EMIT_LOC_STRINGS = YES;
				SWIFT_VERSION = 5.0;
				TARGETED_DEVICE_FAMILY = "1,2";
			};
			name = Debug;
		};
		CC48610427CEE47800120A3C /* Release */ = {
			isa = XCBuildConfiguration;
			baseConfigurationReference = E1E3378C5902C96CBF7198BC /* Pods-DropDownTest.release.xcconfig */;
			buildSettings = {
				ASSETCATALOG_COMPILER_APPICON_NAME = AppIcon;
				ASSETCATALOG_COMPILER_GLOBAL_ACCENT_COLOR_NAME = AccentColor;
				CODE_SIGN_STYLE = Automatic;
				CURRENT_PROJECT_VERSION = 1;
				DEVELOPMENT_TEAM = L73M8R7276;
				GENERATE_INFOPLIST_FILE = YES;
				INFOPLIST_FILE = DropDownTest/Info.plist;
				INFOPLIST_KEY_UIApplicationSupportsIndirectInputEvents = YES;
				INFOPLIST_KEY_UILaunchStoryboardName = LaunchScreen;
				INFOPLIST_KEY_UIMainStoryboardFile = Main;
				INFOPLIST_KEY_UISupportedInterfaceOrientations_iPad = "UIInterfaceOrientationPortrait UIInterfaceOrientationPortraitUpsideDown UIInterfaceOrientationLandscapeLeft UIInterfaceOrientationLandscapeRight";
				INFOPLIST_KEY_UISupportedInterfaceOrientations_iPhone = "UIInterfaceOrientationPortrait UIInterfaceOrientationLandscapeLeft UIInterfaceOrientationLandscapeRight";
				LD_RUNPATH_SEARCH_PATHS = (
					"$(inherited)",
					"@executable_path/Frameworks",
				);
				MARKETING_VERSION = 1.0;
				PRODUCT_BUNDLE_IDENTIFIER = com.leemccormick.DropDownTest;
				PRODUCT_NAME = "$(TARGET_NAME)";
				SWIFT_EMIT_LOC_STRINGS = YES;
				SWIFT_VERSION = 5.0;
				TARGETED_DEVICE_FAMILY = "1,2";
			};
			name = Release;
		};
/* End XCBuildConfiguration section */

/* Begin XCConfigurationList section */
		CC4860E927CEE47500120A3C /* Build configuration list for PBXProject "DropDownTest" */ = {
			isa = XCConfigurationList;
			buildConfigurations = (
				CC48610027CEE47800120A3C /* Debug */,
				CC48610127CEE47800120A3C /* Release */,
			);
			defaultConfigurationIsVisible = 0;
			defaultConfigurationName = Release;
		};
		CC48610227CEE47800120A3C /* Build configuration list for PBXNativeTarget "DropDownTest" */ = {
			isa = XCConfigurationList;
			buildConfigurations = (
				CC48610327CEE47800120A3C /* Debug */,
				CC48610427CEE47800120A3C /* Release */,
			);
			defaultConfigurationIsVisible = 0;
			defaultConfigurationName = Release;
		};
/* End XCConfigurationList section */
	};
	rootObject = CC4860E627CEE47500120A3C /* Project object */;
}
